# THIS IS AN AUTOGENERATED FILE. DO NOT EDIT THIS FILE DIRECTLY.
# yarn lockfile v1


"@types/tizen-common-web@^2.0.0":
  version "2.0.0"
  resolved "https://registry.yarnpkg.com/@types/tizen-common-web/-/tizen-common-web-2.0.0.tgz#7767a47c766c3dfbc1002d4a732b332d0c3a42d1"
  integrity sha512-DL9KTaqvaE3aTrlsDFibud/dIZPubRry9bPk4cAZXShIMv9zmiQuBD/onY+5Qmc6SevGKi5VZJmPJEYqhlGjqw==

typescript@^4.2.2:
  version "4.2.2"
  resolved "https://registry.yarnpkg.com/typescript/-/typescript-4.2.2.tgz#1450f020618f872db0ea17317d16d8da8ddb8c4c"
  integrity sha512-tbb+NVrLfnsJy3M59lsDgrzWIflR4d4TIUjz+heUnHZwdF7YsrMTKoRERiIvI2lvBG95dfpLxB21WZhys1bgaQ==
